
Microsoft Visual Studio Solution File, Format Version 12.00
# Visual Studio Version 16
VisualStudioVersion = 16.0.29806.167
MinimumVisualStudioVersion = 10.0.40219.1
Project("{2150E333-8FDC-42A3-9474-1A3956D46DE8}") = "Data", "Data", "{9B8C2352-522A-4F75-A1AA-F5E4226EEB83}"
EndProject
Project("{9A19103F-16F7-4668-BE54-9A1E7A4F7556}") = "Shared.Business", "Shared.Business\Shared.Business.csproj", "{925F8E77-1643-417B-BABE-6DAD30D999FF}"
EndProject
Project("{2150E333-8FDC-42A3-9474-1A3956D46DE8}") = "Tests", "Tests", "{BD9E08F4-001A-4C24-8779-290E3656E697}"
EndProject
Project("{2150E333-8FDC-42A3-9474-1A3956D46DE8}") = "Integration", "Integration", "{68126764-B9A1-45D9-9C33-E84873A9124E}"
EndProject
Project("{9A19103F-16F7-4668-BE54-9A1E7A4F7556}") = "ClearingHouse", "Integration\ClearingHouse\ClearingHouse.csproj", "{64298F90-7FFB-481D-8BBD-3F8C1DA4F758}"
EndProject
Project("{9A19103F-16F7-4668-BE54-9A1E7A4F7556}") = "EasyInvoice", "Integration\EasyInvoice\EasyInvoice.csproj", "{5793F9DF-845B-41AE-AD0D-C49DF57203F8}"
EndProject
Project("{9A19103F-16F7-4668-BE54-9A1E7A4F7556}") = "Shva", "Integration\Shva\Shva.csproj", "{A7AEC277-FDF9-4691-B762-0A07155206BA}"
EndProject
Project("{9A19103F-16F7-4668-BE54-9A1E7A4F7556}") = "MerchantProfileApi", "MerchantProfileApi\MerchantProfileApi.csproj", "{C2B54074-1A54-4945-8772-EFB72EF32A1A}"
EndProject
Project("{9A19103F-16F7-4668-BE54-9A1E7A4F7556}") = "MerchantProfileApi.Tests", "Tests\MerchantProfileApi.Tests\MerchantProfileApi.Tests.csproj", "{9F26E581-0C7C-4E90-9158-4DE1AC891A29}"
EndProject
Project("{2150E333-8FDC-42A3-9474-1A3956D46DE8}") = "Identity", "Identity", "{34997AED-FDD6-463F-861F-1C376A83326C}"
EndProject
Project("{9A19103F-16F7-4668-BE54-9A1E7A4F7556}") = "IdentityServer", "Identity\IdentityServer\IdentityServer.csproj", "{235933C8-B70C-4922-9539-C8C806A30B07}"
EndProject
Project("{9A19103F-16F7-4668-BE54-9A1E7A4F7556}") = "IdentityServerClient", "Identity\IdentityServerClient\IdentityServerClient.csproj", "{AE0632C9-CC39-4697-A94E-E934F01E6FCE}"
EndProject
Project("{2150E333-8FDC-42A3-9474-1A3956D46DE8}") = "Functions", "Functions", "{EAE60B00-9D03-4A75-894F-2543F59E523C}"
EndProject
Project("{9A19103F-16F7-4668-BE54-9A1E7A4F7556}") = "Shared.Integration", "Shared.Integration\Shared.Integration.csproj", "{CE287F0F-0450-494C-BF21-26B29255888C}"
EndProject
Project("{9A19103F-16F7-4668-BE54-9A1E7A4F7556}") = "Merchants.Business", "Merchants.Business\Merchants.Business.csproj", "{889AA6AC-E653-4839-B7D6-AFA007488AD9}"
EndProject
Project("{9A19103F-16F7-4668-BE54-9A1E7A4F7556}") = "Shared.Api", "Shared.Api\Shared.Api.csproj", "{29F9126E-B826-4383-BB36-4FA628E6B3F6}"
EndProject
Project("{9A19103F-16F7-4668-BE54-9A1E7A4F7556}") = "Merchants.Shared", "Merchants.Shared\Merchants.Shared.csproj", "{12A2734C-2FF4-4FDA-B163-F8D6FB1CFFAA}"
EndProject
Project("{9A19103F-16F7-4668-BE54-9A1E7A4F7556}") = "Shared.Helpers", "Shared.Helpers\Shared.Helpers.csproj", "{3873AF32-18D7-4C21-B9B7-C5BE107CC261}"
EndProject
Project("{2150E333-8FDC-42A3-9474-1A3956D46DE8}") = "Merchants", "Merchants", "{FE60864A-E0DF-4655-A1D8-2175D84312C2}"
EndProject
Project("{2150E333-8FDC-42A3-9474-1A3956D46DE8}") = "Shared", "Shared", "{C0E65759-2060-4A57-B613-2ABCC5372334}"
EndProject
Project("{9A19103F-16F7-4668-BE54-9A1E7A4F7556}") = "Merchants.Api", "Merchants.Api\Merchants.Api.csproj", "{7B7BBA88-AACD-488A-877C-53FB141471FE}"
EndProject
Project("{9A19103F-16F7-4668-BE54-9A1E7A4F7556}") = "Merchants.Tests", "Tests\Merchants.Tests\Merchants.Tests.csproj", "{02788483-9971-4209-BE9F-A475AD4D25BF}"
EndProject
Project("{9A19103F-16F7-4668-BE54-9A1E7A4F7556}") = "Transactions.Api", "Transactions.Api\Transactions.Api.csproj", "{13693EDF-2D85-4AC5-B042-F2B02141BCCA}"
EndProject
Project("{9A19103F-16F7-4668-BE54-9A1E7A4F7556}") = "Transactions.Tests", "Tests\Transactions.Tests\Transactions.Tests.csproj", "{4BD52327-0B61-4BF1-AA2D-17627E7CDE6A}"
EndProject
Project("{00D1A9C2-B5F0-4AF3-8072-F6C62B433612}") = "Merchants.Database", "Data\Merchants.Database\Merchants.Database.sqlproj", "{2071F920-89DB-4571-8507-4848A246BADF}"
EndProject
Project("{2150E333-8FDC-42A3-9474-1A3956D46DE8}") = "Transactions", "Transactions", "{A7ABD632-D9CC-4F40-9AEB-9FE369CF2FE0}"
EndProject
Project("{9A19103F-16F7-4668-BE54-9A1E7A4F7556}") = "EmailSender", "Functions\EmailSender\EmailSender.csproj", "{359CB5B8-4DCF-4AEB-8249-0F8ABECEBB92}"
EndProject
Project("{2150E333-8FDC-42A3-9474-1A3956D46DE8}") = "Solution Items", "Solution Items", "{91625CA7-4D88-4E5E-A641-E6571611D0EB}"
	ProjectSection(SolutionItems) = preProject
		.editorconfig = .editorconfig
	EndProjectSection
EndProject
Project("{2150E333-8FDC-42A3-9474-1A3956D46DE8}") = "Tests", "Tests", "{393DC198-982B-493F-AB7E-214EF5080887}"
EndProject
Project("{9A19103F-16F7-4668-BE54-9A1E7A4F7556}") = "Shva.Tests", "Integration\Tests\Shva.Tests\Shva.Tests.csproj", "{35AD0AF2-1855-4AB8-A11A-0654E50A64F2}"
EndProject
Project("{2150E333-8FDC-42A3-9474-1A3956D46DE8}") = "Infrastructure", "Infrastructure", "{C7CCF6B1-C0F7-4194-8CAC-817071656393}"
EndProject
Project("{9A19103F-16F7-4668-BE54-9A1E7A4F7556}") = "BasicServices", "BasicServices\BasicServices.csproj", "{CD1F3780-2530-47A9-8E74-7AB7C98D5DF0}"
EndProject
Project("{9A19103F-16F7-4668-BE54-9A1E7A4F7556}") = "Transactions.Business", "Transactions.Business\Transactions.Business.csproj", "{8A1A324C-9383-4AF8-B012-FC091EE47F74}"
EndProject
Project("{9A19103F-16F7-4668-BE54-9A1E7A4F7556}") = "Transactions.Shared", "Transactions.Shared\Transactions.Shared.csproj", "{229F9971-0487-457E-8845-64F267C332B6}"
EndProject
Project("{9A19103F-16F7-4668-BE54-9A1E7A4F7556}") = "Shared.Tests", "Tests\Shared.Tests\Shared.Tests.csproj", "{D8A29896-59BA-4E7D-AE60-2B6EA16B72E9}"
EndProject
Project("{00D1A9C2-B5F0-4AF3-8072-F6C62B433612}") = "Transactions.Database", "Data\Transactions.Database\Transactions.Database.sqlproj", "{8C757E80-B280-444E-8560-B400DEAC3A94}"
EndProject
Project("{2150E333-8FDC-42A3-9474-1A3956D46DE8}") = "Tools", "Tools", "{309D26B4-1939-4CE9-814C-BCA07AF345B8}"
EndProject
Project("{9A19103F-16F7-4668-BE54-9A1E7A4F7556}") = "ShvaServiceImitation", "Integration\Tools\ShvaServiceImitation\ShvaServiceImitation.csproj", "{CD231C07-1AF0-4D55-8993-B2EB9C327102}"
EndProject
Project("{9A19103F-16F7-4668-BE54-9A1E7A4F7556}") = "Infrastucture.Tests", "Infrastucture.Tests\Infrastucture.Tests.csproj", "{18A16A5E-B72D-4441-B90E-08640BCCEDFC}"
EndProject
Project("{00D1A9C2-B5F0-4AF3-8072-F6C62B433612}") = "System.Database", "Data\System.Database\System.Database.sqlproj", "{6C29B5A9-DA3B-42DC-B15E-58B29CD23D1D}"
EndProject
Project("{9A19103F-16F7-4668-BE54-9A1E7A4F7556}") = "CheckoutPortal", "CheckoutPortal\CheckoutPortal.csproj", "{976AA212-F42F-4575-A4CF-03A5011FBEE9}"
EndProject
Project("{9A19103F-16F7-4668-BE54-9A1E7A4F7556}") = "Transactions.Api.Client", "Transactions.Api.Client\Transactions.Api.Client.csproj", "{8B761554-EEEC-4D14-972F-D32F6243BD76}"
EndProject
Project("{9A19103F-16F7-4668-BE54-9A1E7A4F7556}") = "TransactionsProcessing", "Functions\TransactionsProcessing\TransactionsProcessing.csproj", "{7C36F288-6B49-4E92-A355-856149A0CBAA}"
EndProject
Project("{9A19103F-16F7-4668-BE54-9A1E7A4F7556}") = "TestWebStore", "Tests\TestWebStore\TestWebStore.csproj", "{91ADA953-66A7-4B19-923D-3565643085CF}"
EndProject
Project("{2150E333-8FDC-42A3-9474-1A3956D46DE8}") = "Reporting", "Reporting", "{21188463-53EC-416C-A7D0-AF2BD36B87FB}"
EndProject
Project("{9A19103F-16F7-4668-BE54-9A1E7A4F7556}") = "Reporting.Api", "Reporting.Api\Reporting.Api.csproj", "{69E5C24B-9F94-431D-BB0B-D5BAF7E5D7A4}"
EndProject
Project("{9A19103F-16F7-4668-BE54-9A1E7A4F7556}") = "Reporting.Business", "Reporting.Business\Reporting.Business.csproj", "{BE422084-E6AC-439D-99D0-0232A4CC4815}"
EndProject
Project("{9A19103F-16F7-4668-BE54-9A1E7A4F7556}") = "Reporting.Shared", "Reporting.Shared\Reporting.Shared.csproj", "{E9921160-DE8A-4D4A-A3C6-56F1B0774311}"
EndProject
Project("{FAE04EC0-301F-11D3-BF4B-00C04F79EFBC}") = "Merchants.Api.Client", "Merchants.Api.Client\Merchants.Api.Client.csproj", "{ABD9A739-9208-46EB-81C9-B114FDE1DF6E}"
EndProject
Global
	GlobalSection(SolutionConfigurationPlatforms) = preSolution
		Debug|Any CPU = Debug|Any CPU
		Release|Any CPU = Release|Any CPU
	EndGlobalSection
	GlobalSection(ProjectConfigurationPlatforms) = postSolution
		{925F8E77-1643-417B-BABE-6DAD30D999FF}.Debug|Any CPU.ActiveCfg = Debug|Any CPU
		{925F8E77-1643-417B-BABE-6DAD30D999FF}.Debug|Any CPU.Build.0 = Debug|Any CPU
		{925F8E77-1643-417B-BABE-6DAD30D999FF}.Release|Any CPU.ActiveCfg = Release|Any CPU
		{925F8E77-1643-417B-BABE-6DAD30D999FF}.Release|Any CPU.Build.0 = Release|Any CPU
		{64298F90-7FFB-481D-8BBD-3F8C1DA4F758}.Debug|Any CPU.ActiveCfg = Debug|Any CPU
		{64298F90-7FFB-481D-8BBD-3F8C1DA4F758}.Debug|Any CPU.Build.0 = Debug|Any CPU
		{64298F90-7FFB-481D-8BBD-3F8C1DA4F758}.Release|Any CPU.ActiveCfg = Release|Any CPU
		{64298F90-7FFB-481D-8BBD-3F8C1DA4F758}.Release|Any CPU.Build.0 = Release|Any CPU
		{5793F9DF-845B-41AE-AD0D-C49DF57203F8}.Debug|Any CPU.ActiveCfg = Debug|Any CPU
		{5793F9DF-845B-41AE-AD0D-C49DF57203F8}.Debug|Any CPU.Build.0 = Debug|Any CPU
		{5793F9DF-845B-41AE-AD0D-C49DF57203F8}.Release|Any CPU.ActiveCfg = Release|Any CPU
		{5793F9DF-845B-41AE-AD0D-C49DF57203F8}.Release|Any CPU.Build.0 = Release|Any CPU
		{A7AEC277-FDF9-4691-B762-0A07155206BA}.Debug|Any CPU.ActiveCfg = Debug|Any CPU
		{A7AEC277-FDF9-4691-B762-0A07155206BA}.Debug|Any CPU.Build.0 = Debug|Any CPU
		{A7AEC277-FDF9-4691-B762-0A07155206BA}.Release|Any CPU.ActiveCfg = Release|Any CPU
		{A7AEC277-FDF9-4691-B762-0A07155206BA}.Release|Any CPU.Build.0 = Release|Any CPU
		{C2B54074-1A54-4945-8772-EFB72EF32A1A}.Debug|Any CPU.ActiveCfg = Debug|Any CPU
		{C2B54074-1A54-4945-8772-EFB72EF32A1A}.Debug|Any CPU.Build.0 = Debug|Any CPU
		{C2B54074-1A54-4945-8772-EFB72EF32A1A}.Release|Any CPU.ActiveCfg = Release|Any CPU
		{C2B54074-1A54-4945-8772-EFB72EF32A1A}.Release|Any CPU.Build.0 = Release|Any CPU
		{9F26E581-0C7C-4E90-9158-4DE1AC891A29}.Debug|Any CPU.ActiveCfg = Debug|Any CPU
		{9F26E581-0C7C-4E90-9158-4DE1AC891A29}.Debug|Any CPU.Build.0 = Debug|Any CPU
		{9F26E581-0C7C-4E90-9158-4DE1AC891A29}.Release|Any CPU.ActiveCfg = Release|Any CPU
		{9F26E581-0C7C-4E90-9158-4DE1AC891A29}.Release|Any CPU.Build.0 = Release|Any CPU
		{235933C8-B70C-4922-9539-C8C806A30B07}.Debug|Any CPU.ActiveCfg = Debug|Any CPU
		{235933C8-B70C-4922-9539-C8C806A30B07}.Debug|Any CPU.Build.0 = Debug|Any CPU
		{235933C8-B70C-4922-9539-C8C806A30B07}.Release|Any CPU.ActiveCfg = Release|Any CPU
		{235933C8-B70C-4922-9539-C8C806A30B07}.Release|Any CPU.Build.0 = Release|Any CPU
		{AE0632C9-CC39-4697-A94E-E934F01E6FCE}.Debug|Any CPU.ActiveCfg = Debug|Any CPU
		{AE0632C9-CC39-4697-A94E-E934F01E6FCE}.Debug|Any CPU.Build.0 = Debug|Any CPU
		{AE0632C9-CC39-4697-A94E-E934F01E6FCE}.Release|Any CPU.ActiveCfg = Release|Any CPU
		{AE0632C9-CC39-4697-A94E-E934F01E6FCE}.Release|Any CPU.Build.0 = Release|Any CPU
		{CE287F0F-0450-494C-BF21-26B29255888C}.Debug|Any CPU.ActiveCfg = Debug|Any CPU
		{CE287F0F-0450-494C-BF21-26B29255888C}.Debug|Any CPU.Build.0 = Debug|Any CPU
		{CE287F0F-0450-494C-BF21-26B29255888C}.Release|Any CPU.ActiveCfg = Release|Any CPU
		{CE287F0F-0450-494C-BF21-26B29255888C}.Release|Any CPU.Build.0 = Release|Any CPU
		{889AA6AC-E653-4839-B7D6-AFA007488AD9}.Debug|Any CPU.ActiveCfg = Debug|Any CPU
		{889AA6AC-E653-4839-B7D6-AFA007488AD9}.Debug|Any CPU.Build.0 = Debug|Any CPU
		{889AA6AC-E653-4839-B7D6-AFA007488AD9}.Release|Any CPU.ActiveCfg = Release|Any CPU
		{889AA6AC-E653-4839-B7D6-AFA007488AD9}.Release|Any CPU.Build.0 = Release|Any CPU
		{29F9126E-B826-4383-BB36-4FA628E6B3F6}.Debug|Any CPU.ActiveCfg = Debug|Any CPU
		{29F9126E-B826-4383-BB36-4FA628E6B3F6}.Debug|Any CPU.Build.0 = Debug|Any CPU
		{29F9126E-B826-4383-BB36-4FA628E6B3F6}.Release|Any CPU.ActiveCfg = Release|Any CPU
		{29F9126E-B826-4383-BB36-4FA628E6B3F6}.Release|Any CPU.Build.0 = Release|Any CPU
		{12A2734C-2FF4-4FDA-B163-F8D6FB1CFFAA}.Debug|Any CPU.ActiveCfg = Debug|Any CPU
		{12A2734C-2FF4-4FDA-B163-F8D6FB1CFFAA}.Debug|Any CPU.Build.0 = Debug|Any CPU
		{12A2734C-2FF4-4FDA-B163-F8D6FB1CFFAA}.Release|Any CPU.ActiveCfg = Release|Any CPU
		{12A2734C-2FF4-4FDA-B163-F8D6FB1CFFAA}.Release|Any CPU.Build.0 = Release|Any CPU
		{3873AF32-18D7-4C21-B9B7-C5BE107CC261}.Debug|Any CPU.ActiveCfg = Debug|Any CPU
		{3873AF32-18D7-4C21-B9B7-C5BE107CC261}.Debug|Any CPU.Build.0 = Debug|Any CPU
		{3873AF32-18D7-4C21-B9B7-C5BE107CC261}.Release|Any CPU.ActiveCfg = Release|Any CPU
		{3873AF32-18D7-4C21-B9B7-C5BE107CC261}.Release|Any CPU.Build.0 = Release|Any CPU
		{7B7BBA88-AACD-488A-877C-53FB141471FE}.Debug|Any CPU.ActiveCfg = Debug|Any CPU
		{7B7BBA88-AACD-488A-877C-53FB141471FE}.Debug|Any CPU.Build.0 = Debug|Any CPU
		{7B7BBA88-AACD-488A-877C-53FB141471FE}.Release|Any CPU.ActiveCfg = Release|Any CPU
		{7B7BBA88-AACD-488A-877C-53FB141471FE}.Release|Any CPU.Build.0 = Release|Any CPU
		{02788483-9971-4209-BE9F-A475AD4D25BF}.Debug|Any CPU.ActiveCfg = Debug|Any CPU
		{02788483-9971-4209-BE9F-A475AD4D25BF}.Debug|Any CPU.Build.0 = Debug|Any CPU
		{02788483-9971-4209-BE9F-A475AD4D25BF}.Release|Any CPU.ActiveCfg = Release|Any CPU
		{02788483-9971-4209-BE9F-A475AD4D25BF}.Release|Any CPU.Build.0 = Release|Any CPU
		{13693EDF-2D85-4AC5-B042-F2B02141BCCA}.Debug|Any CPU.ActiveCfg = Debug|Any CPU
		{13693EDF-2D85-4AC5-B042-F2B02141BCCA}.Debug|Any CPU.Build.0 = Debug|Any CPU
		{13693EDF-2D85-4AC5-B042-F2B02141BCCA}.Release|Any CPU.ActiveCfg = Release|Any CPU
		{13693EDF-2D85-4AC5-B042-F2B02141BCCA}.Release|Any CPU.Build.0 = Release|Any CPU
		{4BD52327-0B61-4BF1-AA2D-17627E7CDE6A}.Debug|Any CPU.ActiveCfg = Debug|Any CPU
		{4BD52327-0B61-4BF1-AA2D-17627E7CDE6A}.Debug|Any CPU.Build.0 = Debug|Any CPU
		{4BD52327-0B61-4BF1-AA2D-17627E7CDE6A}.Release|Any CPU.ActiveCfg = Release|Any CPU
		{4BD52327-0B61-4BF1-AA2D-17627E7CDE6A}.Release|Any CPU.Build.0 = Release|Any CPU
		{2071F920-89DB-4571-8507-4848A246BADF}.Debug|Any CPU.ActiveCfg = Debug|Any CPU
		{2071F920-89DB-4571-8507-4848A246BADF}.Debug|Any CPU.Build.0 = Debug|Any CPU
		{2071F920-89DB-4571-8507-4848A246BADF}.Debug|Any CPU.Deploy.0 = Debug|Any CPU
		{2071F920-89DB-4571-8507-4848A246BADF}.Release|Any CPU.ActiveCfg = Release|Any CPU
		{2071F920-89DB-4571-8507-4848A246BADF}.Release|Any CPU.Build.0 = Release|Any CPU
		{2071F920-89DB-4571-8507-4848A246BADF}.Release|Any CPU.Deploy.0 = Release|Any CPU
		{359CB5B8-4DCF-4AEB-8249-0F8ABECEBB92}.Debug|Any CPU.ActiveCfg = Debug|Any CPU
		{359CB5B8-4DCF-4AEB-8249-0F8ABECEBB92}.Debug|Any CPU.Build.0 = Debug|Any CPU
		{359CB5B8-4DCF-4AEB-8249-0F8ABECEBB92}.Release|Any CPU.ActiveCfg = Release|Any CPU
		{359CB5B8-4DCF-4AEB-8249-0F8ABECEBB92}.Release|Any CPU.Build.0 = Release|Any CPU
		{35AD0AF2-1855-4AB8-A11A-0654E50A64F2}.Debug|Any CPU.ActiveCfg = Debug|Any CPU
		{35AD0AF2-1855-4AB8-A11A-0654E50A64F2}.Debug|Any CPU.Build.0 = Debug|Any CPU
		{35AD0AF2-1855-4AB8-A11A-0654E50A64F2}.Release|Any CPU.ActiveCfg = Release|Any CPU
		{35AD0AF2-1855-4AB8-A11A-0654E50A64F2}.Release|Any CPU.Build.0 = Release|Any CPU
		{CD1F3780-2530-47A9-8E74-7AB7C98D5DF0}.Debug|Any CPU.ActiveCfg = Debug|Any CPU
		{CD1F3780-2530-47A9-8E74-7AB7C98D5DF0}.Debug|Any CPU.Build.0 = Debug|Any CPU
		{CD1F3780-2530-47A9-8E74-7AB7C98D5DF0}.Release|Any CPU.ActiveCfg = Release|Any CPU
		{CD1F3780-2530-47A9-8E74-7AB7C98D5DF0}.Release|Any CPU.Build.0 = Release|Any CPU
		{8A1A324C-9383-4AF8-B012-FC091EE47F74}.Debug|Any CPU.ActiveCfg = Debug|Any CPU
		{8A1A324C-9383-4AF8-B012-FC091EE47F74}.Debug|Any CPU.Build.0 = Debug|Any CPU
		{8A1A324C-9383-4AF8-B012-FC091EE47F74}.Release|Any CPU.ActiveCfg = Release|Any CPU
		{8A1A324C-9383-4AF8-B012-FC091EE47F74}.Release|Any CPU.Build.0 = Release|Any CPU
		{229F9971-0487-457E-8845-64F267C332B6}.Debug|Any CPU.ActiveCfg = Debug|Any CPU
		{229F9971-0487-457E-8845-64F267C332B6}.Debug|Any CPU.Build.0 = Debug|Any CPU
		{229F9971-0487-457E-8845-64F267C332B6}.Release|Any CPU.ActiveCfg = Release|Any CPU
		{229F9971-0487-457E-8845-64F267C332B6}.Release|Any CPU.Build.0 = Release|Any CPU
		{D8A29896-59BA-4E7D-AE60-2B6EA16B72E9}.Debug|Any CPU.ActiveCfg = Debug|Any CPU
		{D8A29896-59BA-4E7D-AE60-2B6EA16B72E9}.Debug|Any CPU.Build.0 = Debug|Any CPU
		{D8A29896-59BA-4E7D-AE60-2B6EA16B72E9}.Release|Any CPU.ActiveCfg = Release|Any CPU
		{D8A29896-59BA-4E7D-AE60-2B6EA16B72E9}.Release|Any CPU.Build.0 = Release|Any CPU
		{8C757E80-B280-444E-8560-B400DEAC3A94}.Debug|Any CPU.ActiveCfg = Debug|Any CPU
		{8C757E80-B280-444E-8560-B400DEAC3A94}.Debug|Any CPU.Build.0 = Debug|Any CPU
		{8C757E80-B280-444E-8560-B400DEAC3A94}.Debug|Any CPU.Deploy.0 = Debug|Any CPU
		{8C757E80-B280-444E-8560-B400DEAC3A94}.Release|Any CPU.ActiveCfg = Release|Any CPU
		{8C757E80-B280-444E-8560-B400DEAC3A94}.Release|Any CPU.Build.0 = Release|Any CPU
		{8C757E80-B280-444E-8560-B400DEAC3A94}.Release|Any CPU.Deploy.0 = Release|Any CPU
		{CD231C07-1AF0-4D55-8993-B2EB9C327102}.Debug|Any CPU.ActiveCfg = Debug|Any CPU
		{CD231C07-1AF0-4D55-8993-B2EB9C327102}.Debug|Any CPU.Build.0 = Debug|Any CPU
		{CD231C07-1AF0-4D55-8993-B2EB9C327102}.Release|Any CPU.ActiveCfg = Release|Any CPU
		{CD231C07-1AF0-4D55-8993-B2EB9C327102}.Release|Any CPU.Build.0 = Release|Any CPU
		{18A16A5E-B72D-4441-B90E-08640BCCEDFC}.Debug|Any CPU.ActiveCfg = Debug|Any CPU
		{18A16A5E-B72D-4441-B90E-08640BCCEDFC}.Debug|Any CPU.Build.0 = Debug|Any CPU
		{18A16A5E-B72D-4441-B90E-08640BCCEDFC}.Release|Any CPU.ActiveCfg = Release|Any CPU
		{18A16A5E-B72D-4441-B90E-08640BCCEDFC}.Release|Any CPU.Build.0 = Release|Any CPU
		{6C29B5A9-DA3B-42DC-B15E-58B29CD23D1D}.Debug|Any CPU.ActiveCfg = Debug|Any CPU
		{6C29B5A9-DA3B-42DC-B15E-58B29CD23D1D}.Debug|Any CPU.Build.0 = Debug|Any CPU
		{6C29B5A9-DA3B-42DC-B15E-58B29CD23D1D}.Debug|Any CPU.Deploy.0 = Debug|Any CPU
		{6C29B5A9-DA3B-42DC-B15E-58B29CD23D1D}.Release|Any CPU.ActiveCfg = Release|Any CPU
		{6C29B5A9-DA3B-42DC-B15E-58B29CD23D1D}.Release|Any CPU.Build.0 = Release|Any CPU
		{6C29B5A9-DA3B-42DC-B15E-58B29CD23D1D}.Release|Any CPU.Deploy.0 = Release|Any CPU
		{976AA212-F42F-4575-A4CF-03A5011FBEE9}.Debug|Any CPU.ActiveCfg = Debug|Any CPU
		{976AA212-F42F-4575-A4CF-03A5011FBEE9}.Debug|Any CPU.Build.0 = Debug|Any CPU
		{976AA212-F42F-4575-A4CF-03A5011FBEE9}.Release|Any CPU.ActiveCfg = Release|Any CPU
		{976AA212-F42F-4575-A4CF-03A5011FBEE9}.Release|Any CPU.Build.0 = Release|Any CPU
		{8B761554-EEEC-4D14-972F-D32F6243BD76}.Debug|Any CPU.ActiveCfg = Debug|Any CPU
		{8B761554-EEEC-4D14-972F-D32F6243BD76}.Debug|Any CPU.Build.0 = Debug|Any CPU
		{8B761554-EEEC-4D14-972F-D32F6243BD76}.Release|Any CPU.ActiveCfg = Release|Any CPU
		{8B761554-EEEC-4D14-972F-D32F6243BD76}.Release|Any CPU.Build.0 = Release|Any CPU
		{7C36F288-6B49-4E92-A355-856149A0CBAA}.Debug|Any CPU.ActiveCfg = Debug|Any CPU
		{7C36F288-6B49-4E92-A355-856149A0CBAA}.Debug|Any CPU.Build.0 = Debug|Any CPU
		{7C36F288-6B49-4E92-A355-856149A0CBAA}.Release|Any CPU.ActiveCfg = Release|Any CPU
		{7C36F288-6B49-4E92-A355-856149A0CBAA}.Release|Any CPU.Build.0 = Release|Any CPU
		{91ADA953-66A7-4B19-923D-3565643085CF}.Debug|Any CPU.ActiveCfg = Debug|Any CPU
		{91ADA953-66A7-4B19-923D-3565643085CF}.Debug|Any CPU.Build.0 = Debug|Any CPU
		{91ADA953-66A7-4B19-923D-3565643085CF}.Release|Any CPU.ActiveCfg = Release|Any CPU
		{91ADA953-66A7-4B19-923D-3565643085CF}.Release|Any CPU.Build.0 = Release|Any CPU
		{69E5C24B-9F94-431D-BB0B-D5BAF7E5D7A4}.Debug|Any CPU.ActiveCfg = Debug|Any CPU
		{69E5C24B-9F94-431D-BB0B-D5BAF7E5D7A4}.Debug|Any CPU.Build.0 = Debug|Any CPU
		{69E5C24B-9F94-431D-BB0B-D5BAF7E5D7A4}.Release|Any CPU.ActiveCfg = Release|Any CPU
		{69E5C24B-9F94-431D-BB0B-D5BAF7E5D7A4}.Release|Any CPU.Build.0 = Release|Any CPU
		{BE422084-E6AC-439D-99D0-0232A4CC4815}.Debug|Any CPU.ActiveCfg = Debug|Any CPU
		{BE422084-E6AC-439D-99D0-0232A4CC4815}.Debug|Any CPU.Build.0 = Debug|Any CPU
		{BE422084-E6AC-439D-99D0-0232A4CC4815}.Release|Any CPU.ActiveCfg = Release|Any CPU
		{BE422084-E6AC-439D-99D0-0232A4CC4815}.Release|Any CPU.Build.0 = Release|Any CPU
		{E9921160-DE8A-4D4A-A3C6-56F1B0774311}.Debug|Any CPU.ActiveCfg = Debug|Any CPU
		{E9921160-DE8A-4D4A-A3C6-56F1B0774311}.Debug|Any CPU.Build.0 = Debug|Any CPU
		{E9921160-DE8A-4D4A-A3C6-56F1B0774311}.Release|Any CPU.ActiveCfg = Release|Any CPU
		{E9921160-DE8A-4D4A-A3C6-56F1B0774311}.Release|Any CPU.Build.0 = Release|Any CPU
		{ABD9A739-9208-46EB-81C9-B114FDE1DF6E}.Debug|Any CPU.ActiveCfg = Debug|Any CPU
		{ABD9A739-9208-46EB-81C9-B114FDE1DF6E}.Debug|Any CPU.Build.0 = Debug|Any CPU
		{ABD9A739-9208-46EB-81C9-B114FDE1DF6E}.Release|Any CPU.ActiveCfg = Release|Any CPU
		{ABD9A739-9208-46EB-81C9-B114FDE1DF6E}.Release|Any CPU.Build.0 = Release|Any CPU
	EndGlobalSection
	GlobalSection(SolutionProperties) = preSolution
		HideSolutionNode = FALSE
	EndGlobalSection
	GlobalSection(NestedProjects) = preSolution
		{925F8E77-1643-417B-BABE-6DAD30D999FF} = {C0E65759-2060-4A57-B613-2ABCC5372334}
		{64298F90-7FFB-481D-8BBD-3F8C1DA4F758} = {68126764-B9A1-45D9-9C33-E84873A9124E}
		{5793F9DF-845B-41AE-AD0D-C49DF57203F8} = {68126764-B9A1-45D9-9C33-E84873A9124E}
		{A7AEC277-FDF9-4691-B762-0A07155206BA} = {68126764-B9A1-45D9-9C33-E84873A9124E}
		{9F26E581-0C7C-4E90-9158-4DE1AC891A29} = {BD9E08F4-001A-4C24-8779-290E3656E697}
		{235933C8-B70C-4922-9539-C8C806A30B07} = {34997AED-FDD6-463F-861F-1C376A83326C}
		{AE0632C9-CC39-4697-A94E-E934F01E6FCE} = {34997AED-FDD6-463F-861F-1C376A83326C}
		{CE287F0F-0450-494C-BF21-26B29255888C} = {C0E65759-2060-4A57-B613-2ABCC5372334}
		{889AA6AC-E653-4839-B7D6-AFA007488AD9} = {FE60864A-E0DF-4655-A1D8-2175D84312C2}
		{29F9126E-B826-4383-BB36-4FA628E6B3F6} = {C0E65759-2060-4A57-B613-2ABCC5372334}
		{12A2734C-2FF4-4FDA-B163-F8D6FB1CFFAA} = {FE60864A-E0DF-4655-A1D8-2175D84312C2}
		{3873AF32-18D7-4C21-B9B7-C5BE107CC261} = {C0E65759-2060-4A57-B613-2ABCC5372334}
		{7B7BBA88-AACD-488A-877C-53FB141471FE} = {FE60864A-E0DF-4655-A1D8-2175D84312C2}
		{02788483-9971-4209-BE9F-A475AD4D25BF} = {BD9E08F4-001A-4C24-8779-290E3656E697}
		{13693EDF-2D85-4AC5-B042-F2B02141BCCA} = {A7ABD632-D9CC-4F40-9AEB-9FE369CF2FE0}
		{4BD52327-0B61-4BF1-AA2D-17627E7CDE6A} = {BD9E08F4-001A-4C24-8779-290E3656E697}
		{2071F920-89DB-4571-8507-4848A246BADF} = {9B8C2352-522A-4F75-A1AA-F5E4226EEB83}
		{359CB5B8-4DCF-4AEB-8249-0F8ABECEBB92} = {EAE60B00-9D03-4A75-894F-2543F59E523C}
		{393DC198-982B-493F-AB7E-214EF5080887} = {68126764-B9A1-45D9-9C33-E84873A9124E}
		{35AD0AF2-1855-4AB8-A11A-0654E50A64F2} = {393DC198-982B-493F-AB7E-214EF5080887}
		{CD1F3780-2530-47A9-8E74-7AB7C98D5DF0} = {C7CCF6B1-C0F7-4194-8CAC-817071656393}
		{8A1A324C-9383-4AF8-B012-FC091EE47F74} = {A7ABD632-D9CC-4F40-9AEB-9FE369CF2FE0}
		{229F9971-0487-457E-8845-64F267C332B6} = {A7ABD632-D9CC-4F40-9AEB-9FE369CF2FE0}
		{D8A29896-59BA-4E7D-AE60-2B6EA16B72E9} = {BD9E08F4-001A-4C24-8779-290E3656E697}
		{8C757E80-B280-444E-8560-B400DEAC3A94} = {9B8C2352-522A-4F75-A1AA-F5E4226EEB83}
		{309D26B4-1939-4CE9-814C-BCA07AF345B8} = {68126764-B9A1-45D9-9C33-E84873A9124E}
		{CD231C07-1AF0-4D55-8993-B2EB9C327102} = {309D26B4-1939-4CE9-814C-BCA07AF345B8}
		{18A16A5E-B72D-4441-B90E-08640BCCEDFC} = {BD9E08F4-001A-4C24-8779-290E3656E697}
		{6C29B5A9-DA3B-42DC-B15E-58B29CD23D1D} = {9B8C2352-522A-4F75-A1AA-F5E4226EEB83}
		{8B761554-EEEC-4D14-972F-D32F6243BD76} = {A7ABD632-D9CC-4F40-9AEB-9FE369CF2FE0}
		{7C36F288-6B49-4E92-A355-856149A0CBAA} = {EAE60B00-9D03-4A75-894F-2543F59E523C}
		{91ADA953-66A7-4B19-923D-3565643085CF} = {BD9E08F4-001A-4C24-8779-290E3656E697}
		{69E5C24B-9F94-431D-BB0B-D5BAF7E5D7A4} = {21188463-53EC-416C-A7D0-AF2BD36B87FB}
		{BE422084-E6AC-439D-99D0-0232A4CC4815} = {21188463-53EC-416C-A7D0-AF2BD36B87FB}
		{E9921160-DE8A-4D4A-A3C6-56F1B0774311} = {21188463-53EC-416C-A7D0-AF2BD36B87FB}
		{ABD9A739-9208-46EB-81C9-B114FDE1DF6E} = {FE60864A-E0DF-4655-A1D8-2175D84312C2}
	EndGlobalSection
	GlobalSection(ExtensibilityGlobals) = postSolution
		SolutionGuid = {BB40244C-6EBC-4B97-8F95-FB108B33F76E}
	EndGlobalSection
EndGlobal
